
Microsoft Visual Studio Solution File, Format Version 12.00
# Visual Studio Version 17
VisualStudioVersion = 17.10.34928.147
MinimumVisualStudioVersion = 10.0.40219.1
Project("{FAE04EC0-301F-11D3-BF4B-00C04F79EFBC}") = "Lexique.WpfApp", "Lexique\Lexique.WpfApp.csproj", "{7D8333BA-AA31-4FB6-BAFE-4152EB4A728B}"
EndProject
Project("{FAE04EC0-301F-11D3-BF4B-00C04F79EFBC}") = "Wordament", "Wordament\Wordament.csproj", "{583254A4-9B0F-4DEF-A774-32427340ED3B}"
EndProject
Project("{FAE04EC0-301F-11D3-BF4B-00C04F79EFBC}") = "Lexique.DataAccess.File", "Lexique.DataAccess.File\Lexique.DataAccess.File.csproj", "{CACC1DF1-D2DA-4BF2-B59C-985E6CE606C4}"
EndProject
Project("{FAE04EC0-301F-11D3-BF4B-00C04F79EFBC}") = "Lexique.IDataAccess", "Lexique.IDataAccess\Lexique.IDataAccess.csproj", "{73D071DD-2644-471F-96E0-75CEBC54A80D}"
EndProject
Global
	GlobalSection(SolutionConfigurationPlatforms) = preSolution
		Debug|Any CPU = Debug|Any CPU
		Release|Any CPU = Release|Any CPU
	EndGlobalSection
	GlobalSection(ProjectConfigurationPlatforms) = postSolution
		{7D8333BA-AA31-4FB6-BAFE-4152EB4A728B}.Debug|Any CPU.ActiveCfg = Debug|Any CPU
		{7D8333BA-AA31-4FB6-BAFE-4152EB4A728B}.Debug|Any CPU.Build.0 = Debug|Any CPU
		{7D8333BA-AA31-4FB6-BAFE-4152EB4A728B}.Release|Any CPU.ActiveCfg = Release|Any CPU
		{7D8333BA-AA31-4FB6-BAFE-4152EB4A728B}.Release|Any CPU.Build.0 = Release|Any CPU
		{583254A4-9B0F-4DEF-A774-32427340ED3B}.Debug|Any CPU.ActiveCfg = Debug|Any CPU
		{583254A4-9B0F-4DEF-A774-32427340ED3B}.Debug|Any CPU.Build.0 = Debug|Any CPU
		{583254A4-9B0F-4DEF-A774-32427340ED3B}.Release|Any CPU.ActiveCfg = Release|Any CPU
		{583254A4-9B0F-4DEF-A774-32427340ED3B}.Release|Any CPU.Build.0 = Release|Any CPU
		{CACC1DF1-D2DA-4BF2-B59C-985E6CE606C4}.Debug|Any CPU.ActiveCfg = Debug|Any CPU
		{CACC1DF1-D2DA-4BF2-B59C-985E6CE606C4}.Debug|Any CPU.Build.0 = Debug|Any CPU
		{CACC1DF1-D2DA-4BF2-B59C-985E6CE606C4}.Release|Any CPU.ActiveCfg = Release|Any CPU
		{CACC1DF1-D2DA-4BF2-B59C-985E6CE606C4}.Release|Any CPU.Build.0 = Release|Any CPU
		{73D071DD-2644-471F-96E0-75CEBC54A80D}.Debug|Any CPU.ActiveCfg = Debug|Any CPU
		{73D071DD-2644-471F-96E0-75CEBC54A80D}.Debug|Any CPU.Build.0 = Debug|Any CPU
		{73D071DD-2644-471F-96E0-75CEBC54A80D}.Release|Any CPU.ActiveCfg = Release|Any CPU
		{73D071DD-2644-471F-96E0-75CEBC54A80D}.Release|Any CPU.Build.0 = Release|Any CPU
	EndGlobalSection
	GlobalSection(SolutionProperties) = preSolution
		HideSolutionNode = FALSE
	EndGlobalSection
	GlobalSection(ExtensibilityGlobals) = postSolution
		SolutionGuid = {A3A496C6-C007-4E92-87EA-85A0882DA744}
	EndGlobalSection
EndGlobal
